// !$*UTF8*$!
{
	archiveVersion = 1;
	classes = {
	};
	objectVersion = 50;
	objects = {

/* Begin PBXBuildFile section */
		1E2426B32392E72F00620086 /* AppDelegate.swift in Sources */ = {isa = PBXBuildFile; fileRef = 1E2426B22392E72F00620086 /* AppDelegate.swift */; };
		1E2426B52392E72F00620086 /* SceneDelegate.swift in Sources */ = {isa = PBXBuildFile; fileRef = 1E2426B42392E72F00620086 /* SceneDelegate.swift */; };
		1E2426BA2392E72F00620086 /* Main.storyboard in Resources */ = {isa = PBXBuildFile; fileRef = 1E2426B82392E72F00620086 /* Main.storyboard */; };
		1E2426BC2392E73000620086 /* Assets.xcassets in Resources */ = {isa = PBXBuildFile; fileRef = 1E2426BB2392E73000620086 /* Assets.xcassets */; };
		1E2426BF2392E73000620086 /* LaunchScreen.storyboard in Resources */ = {isa = PBXBuildFile; fileRef = 1E2426BD2392E73000620086 /* LaunchScreen.storyboard */; };
		1E2426C72392E7BF00620086 /* Person.swift in Sources */ = {isa = PBXBuildFile; fileRef = 1E2426C62392E7BF00620086 /* Person.swift */; };
		1E2426C92392E83B00620086 /* PersonBuilder.swift in Sources */ = {isa = PBXBuildFile; fileRef = 1E2426C82392E83B00620086 /* PersonBuilder.swift */; };
		1E2426CB2392E87700620086 /* PersonsListViewController.swift in Sources */ = {isa = PBXBuildFile; fileRef = 1E2426CA2392E87700620086 /* PersonsListViewController.swift */; };
/* End PBXBuildFile section */

/* Begin PBXFileReference section */
		1E2426AF2392E72F00620086 /* MirnaiaNV_HW2.6.2.app */ = {isa = PBXFileReference; explicitFileType = wrapper.application; includeInIndex = 0; path = MirnaiaNV_HW2.6.2.app; sourceTree = BUILT_PRODUCTS_DIR; };
		1E2426B22392E72F00620086 /* AppDelegate.swift */ = {isa = PBXFileReference; lastKnownFileType = sourcecode.swift; path = AppDelegate.swift; sourceTree = "<group>"; };
		1E2426B42392E72F00620086 /* SceneDelegate.swift */ = {isa = PBXFileReference; lastKnownFileType = sourcecode.swift; path = SceneDelegate.swift; sourceTree = "<group>"; };
		1E2426B92392E72F00620086 /* Base */ = {isa = PBXFileReference; lastKnownFileType = file.storyboard; name = Base; path = Base.lproj/Main.storyboard; sourceTree = "<group>"; };
		1E2426BB2392E73000620086 /* Assets.xcassets */ = {isa = PBXFileReference; lastKnownFileType = folder.assetcatalog; path = Assets.xcassets; sourceTree = "<group>"; };
		1E2426BE2392E73000620086 /* Base */ = {isa = PBXFileReference; lastKnownFileType = file.storyboard; name = Base; path = Base.lproj/LaunchScreen.storyboard; sourceTree = "<group>"; };
		1E2426C02392E73000620086 /* Info.plist */ = {isa = PBXFileReference; lastKnownFileType = text.plist.xml; path = Info.plist; sourceTree = "<group>"; };
		1E2426C62392E7BF00620086 /* Person.swift */ = {isa = PBXFileReference; lastKnownFileType = sourcecode.swift; path = Person.swift; sourceTree = "<group>"; };
		1E2426C82392E83B00620086 /* PersonBuilder.swift */ = {isa = PBXFileReference; lastKnownFileType = sourcecode.swift; path = PersonBuilder.swift; sourceTree = "<group>"; };
		1E2426CA2392E87700620086 /* PersonsListViewController.swift */ = {isa = PBXFileReference; lastKnownFileType = sourcecode.swift; path = PersonsListViewController.swift; sourceTree = "<group>"; };
/* End PBXFileReference section */

/* Begin PBXFrameworksBuildPhase section */
		1E2426AC2392E72F00620086 /* Frameworks */ = {
			isa = PBXFrameworksBuildPhase;
			buildActionMask = 2147483647;
			files = (
			);
			runOnlyForDeploymentPostprocessing = 0;
		};
/* End PBXFrameworksBuildPhase section */

/* Begin PBXGroup section */
		1E2426A62392E72F00620086 = {
			isa = PBXGroup;
			children = (
				1E2426B12392E72F00620086 /* MirnaiaNV_HW2.6.2 */,
				1E2426B02392E72F00620086 /* Products */,
			);
			sourceTree = "<group>";
		};
		1E2426B02392E72F00620086 /* Products */ = {
			isa = PBXGroup;
			children = (
				1E2426AF2392E72F00620086 /* MirnaiaNV_HW2.6.2.app */,
			);
			name = Products;
			sourceTree = "<group>";
		};
		1E2426B12392E72F00620086 /* MirnaiaNV_HW2.6.2 */ = {
			isa = PBXGroup;
			children = (
				1E2426B22392E72F00620086 /* AppDelegate.swift */,
				1E2426B42392E72F00620086 /* SceneDelegate.swift */,
				1E2426C82392E83B00620086 /* PersonBuilder.swift */,
				1E2426CA2392E87700620086 /* PersonsListViewController.swift */,
				1E2426C62392E7BF00620086 /* Person.swift */,
				1E2426B82392E72F00620086 /* Main.storyboard */,
				1E2426BB2392E73000620086 /* Assets.xcassets */,
				1E2426BD2392E73000620086 /* LaunchScreen.storyboard */,
				1E2426C02392E73000620086 /* Info.plist */,
			);
			path = MirnaiaNV_HW2.6.2;
			sourceTree = "<group>";
		};
/* End PBXGroup section */

/* Begin PBXNativeTarget section */
		1E2426AE2392E72F00620086 /* MirnaiaNV_HW2.6.2 */ = {
			isa = PBXNativeTarget;
			buildConfigurationList = 1E2426C32392E73000620086 /* Build configuration list for PBXNativeTarget "MirnaiaNV_HW2.6.2" */;
			buildPhases = (
				1E2426AB2392E72F00620086 /* Sources */,
				1E2426AC2392E72F00620086 /* Frameworks */,
				1E2426AD2392E72F00620086 /* Resources */,
			);
			buildRules = (
			);
			dependencies = (
			);
			name = MirnaiaNV_HW2.6.2;
			productName = MirnaiaNV_HW2.6.2;
			productReference = 1E2426AF2392E72F00620086 /* MirnaiaNV_HW2.6.2.app */;
			productType = "com.apple.product-type.application";
		};
/* End PBXNativeTarget section */

/* Begin PBXProject section */
		1E2426A72392E72F00620086 /* Project object */ = {
			isa = PBXProject;
			attributes = {
				LastSwiftUpdateCheck = 1100;
				LastUpgradeCheck = 1100;
				ORGANIZATIONNAME = "Наталья Мирная";
				TargetAttributes = {
					1E2426AE2392E72F00620086 = {
						CreatedOnToolsVersion = 11.0;
					};
				};
			};
			buildConfigurationList = 1E2426AA2392E72F00620086 /* Build configuration list for PBXProject "MirnaiaNV_HW2.6.2" */;
			compatibilityVersion = "Xcode 9.3";
			developmentRegion = en;
			hasScannedForEncodings = 0;
			knownRegions = (
				en,
				Base,
			);
			mainGroup = 1E2426A62392E72F00620086;
			productRefGroup = 1E2426B02392E72F00620086 /* Products */;
			projectDirPath = "";
			projectRoot = "";
			targets = (
				1E2426AE2392E72F00620086 /* MirnaiaNV_HW2.6.2 */,
			);
		};
/* End PBXProject section */

/* Begin PBXResourcesBuildPhase section */
		1E2426AD2392E72F00620086 /* Resources */ = {
			isa = PBXResourcesBuildPhase;
			buildActionMask = 2147483647;
			files = (
				1E2426BF2392E73000620086 /* LaunchScreen.storyboard in Resources */,
				1E2426BC2392E73000620086 /* Assets.xcassets in Resources */,
				1E2426BA2392E72F00620086 /* Main.storyboard in Resources */,
			);
			runOnlyForDeploymentPostprocessing = 0;
		};
/* End PBXResourcesBuildPhase section */

/* Begin PBXSourcesBuildPhase section */
		1E2426AB2392E72F00620086 /* Sources */ = {
			isa = PBXSourcesBuildPhase;
			buildActionMask = 2147483647;
			files = (
				1E2426C92392E83B00620086 /* PersonBuilder.swift in Sources */,
				1E2426CB2392E87700620086 /* PersonsListViewController.swift in Sources */,
				1E2426B32392E72F00620086 /* AppDelegate.swift in Sources */,
				1E2426C72392E7BF00620086 /* Person.swift in Sources */,
				1E2426B52392E72F00620086 /* SceneDelegate.swift in Sources */,
			);
			runOnlyForDeploymentPostprocessing = 0;
		};
/* End PBXSourcesBuildPhase section */

/* Begin PBXVariantGroup section */
		1E2426B82392E72F00620086 /* Main.storyboard */ = {
			isa = PBXVariantGroup;
			children = (
				1E2426B92392E72F00620086 /* Base */,
			);
			name = Main.storyboard;
			sourceTree = "<group>";
		};
		1E2426BD2392E73000620086 /* LaunchScreen.storyboard */ = {
			isa = PBXVariantGroup;
			children = (
				1E2426BE2392E73000620086 /* Base */,
			);
			name = LaunchScreen.storyboard;
			sourceTree = "<group>";
		};
/* End PBXVariantGroup section */

/* Begin XCBuildConfiguration section */
		1E2426C12392E73000620086 /* Debug */ = {
			isa = XCBuildConfiguration;
			buildSettings = {
				ALWAYS_SEARCH_USER_PATHS = NO;
				CLANG_ANALYZER_NONNULL = YES;
				CLANG_ANALYZER_NUMBER_OBJECT_CONVERSION = YES_AGGRESSIVE;
				CLANG_CXX_LANGUAGE_STANDARD = "gnu++14";
				CLANG_CXX_LIBRARY = "libc++";
				CLANG_ENABLE_MODULES = YES;
				CLANG_ENABLE_OBJC_ARC = YES;
				CLANG_ENABLE_OBJC_WEAK = YES;
				CLANG_WARN_BLOCK_CAPTURE_AUTORELEASING = YES;
				CLANG_WARN_BOOL_CONVERSION = YES;
				CLANG_WARN_COMMA = YES;
				CLANG_WARN_CONSTANT_CONVERSION = YES;
				CLANG_WARN_DEPRECATED_OBJC_IMPLEMENTATIONS = YES;
				CLANG_WARN_DIRECT_OBJC_ISA_USAGE = YES_ERROR;
				CLANG_WARN_DOCUMENTATION_COMMENTS = YES;
				CLANG_WARN_EMPTY_BODY = YES;
				CLANG_WARN_ENUM_CONVERSION = YES;
				CLANG_WARN_INFINITE_RECURSION = YES;
				CLANG_WARN_INT_CONVERSION = YES;
				CLANG_WARN_NON_LITERAL_NULL_CONVERSION = YES;
				CLANG_WARN_OBJC_IMPLICIT_RETAIN_SELF = YES;
				CLANG_WARN_OBJC_LITERAL_CONVERSION = YES;
				CLANG_WARN_OBJC_ROOT_CLASS = YES_ERROR;
				CLANG_WARN_RANGE_LOOP_ANALYSIS = YES;
				CLANG_WARN_STRICT_PROTOTYPES = YES;
				CLANG_WARN_SUSPICIOUS_MOVE = YES;
				CLANG_WARN_UNGUARDED_AVAILABILITY = YES_AGGRESSIVE;
				CLANG_WARN_UNREACHABLE_CODE = YES;
				CLANG_WARN__DUPLICATE_METHOD_MATCH = YES;
				COPY_PHASE_STRIP = NO;
				DEBUG_INFORMATION_FORMAT = dwarf;
				ENABLE_STRICT_OBJC_MSGSEND = YES;
				ENABLE_TESTABILITY = YES;
				GCC_C_LANGUAGE_STANDARD = gnu11;
				GCC_DYNAMIC_NO_PIC = NO;
				GCC_NO_COMMON_BLOCKS = YES;
				GCC_OPTIMIZATION_LEVEL = 0;
				GCC_PREPROCESSOR_DEFINITIONS = (
					"DEBUG=1",
					"$(inherited)",
				);
				GCC_WARN_64_TO_32_BIT_CONVERSION = YES;
				GCC_WARN_ABOUT_RETURN_TYPE = YES_ERROR;
				GCC_WARN_UNDECLARED_SELECTOR = YES;
				GCC_WARN_UNINITIALIZED_AUTOS = YES_AGGRESSIVE;
				GCC_WARN_UNUSED_FUNCTION = YES;
				GCC_WARN_UNUSED_VARIABLE = YES;
				IPHONEOS_DEPLOYMENT_TARGET = 13.0;
				MTL_ENABLE_DEBUG_INFO = INCLUDE_SOURCE;
				MTL_FAST_MATH = YES;
				ONLY_ACTIVE_ARCH = YES;
				SDKROOT = iphoneos;
				SWIFT_ACTIVE_COMPILATION_CONDITIONS = DEBUG;
				SWIFT_OPTIMIZATION_LEVEL = "-Onone";
			};
			name = Debug;
		};
		1E2426C22392E73000620086 /* Release */ = {
			isa = XCBuildConfiguration;
			buildSettings = {
				ALWAYS_SEARCH_USER_PATHS = NO;
				CLANG_ANALYZER_NONNULL = YES;
				CLANG_ANALYZER_NUMBER_OBJECT_CONVERSION = YES_AGGRESSIVE;
				CLANG_CXX_LANGUAGE_STANDARD = "gnu++14";
				CLANG_CXX_LIBRARY = "libc++";
				CLANG_ENABLE_MODULES = YES;
				CLANG_ENABLE_OBJC_ARC = YES;
				CLANG_ENABLE_OBJC_WEAK = YES;
				CLANG_WARN_BLOCK_CAPTURE_AUTORELEASING = YES;
				CLANG_WARN_BOOL_CONVERSION = YES;
				CLANG_WARN_COMMA = YES;
				CLANG_WARN_CONSTANT_CONVERSION = YES;
				CLANG_WARN_DEPRECATED_OBJC_IMPLEMENTATIONS = YES;
				CLANG_WARN_DIRECT_OBJC_ISA_USAGE = YES_ERROR;
				CLANG_WARN_DOCUMENTATION_COMMENTS = YES;
				CLANG_WARN_EMPTY_BODY = YES;
				CLANG_WARN_ENUM_CONVERSION = YES;
				CLANG_WARN_INFINITE_RECURSION = YES;
				CLANG_WARN_INT_CONVERSION = YES;
				CLANG_WARN_NON_LITERAL_NULL_CONVERSION = YES;
				CLANG_WARN_OBJC_IMPLICIT_RETAIN_SELF = YES;
				CLANG_WARN_OBJC_LITERAL_CONVERSION = YES;
				CLANG_WARN_OBJC_ROOT_CLASS = YES_ERROR;
				CLANG_WARN_RANGE_LOOP_ANALYSIS = YES;
				CLANG_WARN_STRICT_PROTOTYPES = YES;
				CLANG_WARN_SUSPICIOUS_MOVE = YES;
				CLANG_WARN_UNGUARDED_AVAILABILITY = YES_AGGRESSIVE;
				CLANG_WARN_UNREACHABLE_CODE = YES;
				CLANG_WARN__DUPLICATE_METHOD_MATCH = YES;
				COPY_PHASE_STRIP = NO;
				DEBUG_INFORMATION_FORMAT = "dwarf-with-dsym";
				ENABLE_NS_ASSERTIONS = NO;
				ENABLE_STRICT_OBJC_MSGSEND = YES;
				GCC_C_LANGUAGE_STANDARD = gnu11;
				GCC_NO_COMMON_BLOCKS = YES;
				GCC_WARN_64_TO_32_BIT_CONVERSION = YES;
				GCC_WARN_ABOUT_RETURN_TYPE = YES_ERROR;
				GCC_WARN_UNDECLARED_SELECTOR = YES;
				GCC_WARN_UNINITIALIZED_AUTOS = YES_AGGRESSIVE;
				GCC_WARN_UNUSED_FUNCTION = YES;
				GCC_WARN_UNUSED_VARIABLE = YES;
				IPHONEOS_DEPLOYMENT_TARGET = 13.0;
				MTL_ENABLE_DEBUG_INFO = NO;
				MTL_FAST_MATH = YES;
				SDKROOT = iphoneos;
				SWIFT_COMPILATION_MODE = wholemodule;
				SWIFT_OPTIMIZATION_LEVEL = "-O";
				VALIDATE_PRODUCT = YES;
			};
			name = Release;
		};
		1E2426C42392E73000620086 /* Debug */ = {
			isa = XCBuildConfiguration;
			buildSettings = {
				ASSETCATALOG_COMPILER_APPICON_NAME = AppIcon;
				CODE_SIGN_STYLE = Automatic;
				DEVELOPMENT_TEAM = 9Q377U5Z8M;
				INFOPLIST_FILE = MirnaiaNV_HW2.6.2/Info.plist;
				LD_RUNPATH_SEARCH_PATHS = (
					"$(inherited)",
					"@executable_path/Frameworks",
				);
				PRODUCT_BUNDLE_IDENTIFIER = "yep.MirnaiaNV-HW2-6-2";
				PRODUCT_NAME = "$(TARGET_NAME)";
				SWIFT_VERSION = 5.0;
				TARGETED_DEVICE_FAMILY = "1,2";
			};
			name = Debug;
		};
		1E2426C52392E73000620086 /* Release */ = {
			isa = XCBuildConfiguration;
			buildSettings = {
				ASSETCATALOG_COMPILER_APPICON_NAME = AppIcon;
				CODE_SIGN_STYLE = Automatic;
				DEVELOPMENT_TEAM = 9Q377U5Z8M;
				INFOPLIST_FILE = MirnaiaNV_HW2.6.2/Info.plist;
				LD_RUNPATH_SEARCH_PATHS = (
					"$(inherited)",
					"@executable_path/Frameworks",
				);
				PRODUCT_BUNDLE_IDENTIFIER = "yep.MirnaiaNV-HW2-6-2";
				PRODUCT_NAME = "$(TARGET_NAME)";
				SWIFT_VERSION = 5.0;
				TARGETED_DEVICE_FAMILY = "1,2";
			};
			name = Release;
		};
/* End XCBuildConfiguration section */

/* Begin XCConfigurationList section */
		1E2426AA2392E72F00620086 /* Build configuration list for PBXProject "MirnaiaNV_HW2.6.2" */ = {
			isa = XCConfigurationList;
			buildConfigurations = (
				1E2426C12392E73000620086 /* Debug */,
				1E2426C22392E73000620086 /* Release */,
			);
			defaultConfigurationIsVisible = 0;
			defaultConfigurationName = Release;
		};
		1E2426C32392E73000620086 /* Build configuration list for PBXNativeTarget "MirnaiaNV_HW2.6.2" */ = {
			isa = XCConfigurationList;
			buildConfigurations = (
				1E2426C42392E73000620086 /* Debug */,
				1E2426C52392E73000620086 /* Release */,
			);
			defaultConfigurationIsVisible = 0;
			defaultConfigurationName = Release;
		};
/* End XCConfigurationList section */
	};
	rootObject = 1E2426A72392E72F00620086 /* Project object */;
}
